
Microsoft Visual Studio Solution File, Format Version 12.00
# Visual Studio 2013
VisualStudioVersion = 12.0.21005.1
MinimumVisualStudioVersion = 10.0.40219.1
Project("{FAE04EC0-301F-11D3-BF4B-00C04F79EFBC}") = "EvidosLibrary", "EvidosLibrary\EvidosLibrary.csproj", "{F454084B-500C-43E3-B079-DAE004E77029}"
EndProject
Project("{FAE04EC0-301F-11D3-BF4B-00C04F79EFBC}") = "EvidosConsole", "EvidosConsole\EvidosConsole.csproj", "{ABE84283-5F97-46C0-A547-0C58F4C1B8BB}"
EndProject
Global
	GlobalSection(SolutionConfigurationPlatforms) = preSolution
		Debug|Any CPU = Debug|Any CPU
		Release|Any CPU = Release|Any CPU
	EndGlobalSection
	GlobalSection(ProjectConfigurationPlatforms) = postSolution
		{F454084B-500C-43E3-B079-DAE004E77029}.Debug|Any CPU.ActiveCfg = Debug|Any CPU
		{F454084B-500C-43E3-B079-DAE004E77029}.Debug|Any CPU.Build.0 = Debug|Any CPU
		{F454084B-500C-43E3-B079-DAE004E77029}.Release|Any CPU.ActiveCfg = Release|Any CPU
		{F454084B-500C-43E3-B079-DAE004E77029}.Release|Any CPU.Build.0 = Release|Any CPU
		{ABE84283-5F97-46C0-A547-0C58F4C1B8BB}.Debug|Any CPU.ActiveCfg = Debug|Any CPU
		{ABE84283-5F97-46C0-A547-0C58F4C1B8BB}.Debug|Any CPU.Build.0 = Debug|Any CPU
		{ABE84283-5F97-46C0-A547-0C58F4C1B8BB}.Release|Any CPU.ActiveCfg = Release|Any CPU
		{ABE84283-5F97-46C0-A547-0C58F4C1B8BB}.Release|Any CPU.Build.0 = Release|Any CPU
	EndGlobalSection
	GlobalSection(SolutionProperties) = preSolution
		HideSolutionNode = FALSE
	EndGlobalSection
EndGlobal
